
Microsoft Visual Studio Solution File, Format Version 12.00
# Visual Studio Version 17
VisualStudioVersion = 17.9.34728.123
MinimumVisualStudioVersion = 10.0.40219.1
Project("{FAE04EC0-301F-11D3-BF4B-00C04F79EFBC}") = "task15052024", "task15052024\task15052024.csproj", "{6DC5B1E7-5D7D-468D-AF7A-27284BCA99E3}"
EndProject
Global
	GlobalSection(SolutionConfigurationPlatforms) = preSolution
		Debug|Any CPU = Debug|Any CPU
		Release|Any CPU = Release|Any CPU
	EndGlobalSection
	GlobalSection(ProjectConfigurationPlatforms) = postSolution
		{6DC5B1E7-5D7D-468D-AF7A-27284BCA99E3}.Debug|Any CPU.ActiveCfg = Debug|Any CPU
		{6DC5B1E7-5D7D-468D-AF7A-27284BCA99E3}.Debug|Any CPU.Build.0 = Debug|Any CPU
		{6DC5B1E7-5D7D-468D-AF7A-27284BCA99E3}.Release|Any CPU.ActiveCfg = Release|Any CPU
		{6DC5B1E7-5D7D-468D-AF7A-27284BCA99E3}.Release|Any CPU.Build.0 = Release|Any CPU
	EndGlobalSection
	GlobalSection(SolutionProperties) = preSolution
		HideSolutionNode = FALSE
	EndGlobalSection
	GlobalSection(ExtensibilityGlobals) = postSolution
		SolutionGuid = {513FA3B6-0BD6-437A-8776-07766A9477A7}
	EndGlobalSection
EndGlobal
